
Microsoft Visual Studio Solution File, Format Version 12.00
# Visual Studio 15
VisualStudioVersion = 15.0.27428.2015
MinimumVisualStudioVersion = 10.0.40219.1
Project("{FAE04EC0-301F-11D3-BF4B-00C04F79EFBC}") = "KelsonBall.LudumDare41.Game", "KelsonBall.LudumDare41.Game\KelsonBall.LudumDare41.Game.csproj", "{4639FE98-6995-478F-9248-3E78C5302400}"
EndProject
Project("{2150E333-8FDC-42A3-9474-1A3956D46DE8}") = "Render.Core", "Render.Core", "{2DC0D2D7-AF86-4F8F-9B14-5BF9C1C48978}"
EndProject
Project("{FAE04EC0-301F-11D3-BF4B-00C04F79EFBC}") = "KelsonBall.Render.Core", "KelsonBall.Render.Core\KelsonBall.Render.Core.csproj", "{D163920B-6983-4D4E-A92F-ECA18AA528E7}"
EndProject
Project("{FAE04EC0-301F-11D3-BF4B-00C04F79EFBC}") = "Render.Core.GraphicsInterfaces", "Render.Core.GraphicsInterfaces\Render.Core.GraphicsInterfaces.csproj", "{75F47AC0-50AB-4F44-A1D3-711B6026A483}"
EndProject
Project("{FAE04EC0-301F-11D3-BF4B-00C04F79EFBC}") = "Render.Core.WindowInterface", "Render.Core.WindowInterface\Render.Core.WindowInterface.csproj", "{82B2FF67-31D6-4947-8936-5F07C261ABEB}"
EndProject
Project("{FAE04EC0-301F-11D3-BF4B-00C04F79EFBC}") = "TrueTypeSharp.NetStandard", "TrueTypeSharp.NetStandard\TrueTypeSharp.NetStandard.csproj", "{00063478-C1FA-4F28-970E-DF286154B877}"
EndProject
Project("{FAE04EC0-301F-11D3-BF4B-00C04F79EFBC}") = "Render.Core.Vectors", "Render.Core.Vectors\Render.Core.Vectors.csproj", "{73348D96-A5BD-4F15-81F0-45EA6C550CB6}"
EndProject
Project("{2150E333-8FDC-42A3-9474-1A3956D46DE8}") = "VelcroPhysics", "VelcroPhysics", "{BA7D3185-501F-4F0E-8FDC-55AFCF44E78E}"
EndProject
Project("{FAE04EC0-301F-11D3-BF4B-00C04F79EFBC}") = "Physics", "Physics\Physics.csproj", "{867BB112-F90A-437A-8007-6BDD791B6A5E}"
EndProject
Project("{FAE04EC0-301F-11D3-BF4B-00C04F79EFBC}") = "KelsonBall.LudumDare41.Scenes", "KelsonBall.LudumDare41.Scenes\KelsonBall.LudumDare41.Scenes.csproj", "{0945255E-212D-47A8-B713-400D5132B7DB}"
EndProject
Project("{FAE04EC0-301F-11D3-BF4B-00C04F79EFBC}") = "RenderCore.Game", "RenderCore.Game\RenderCore.Game.csproj", "{CBC80274-9DB3-40F9-8951-44D2F8298287}"
EndProject
Project("{FAE04EC0-301F-11D3-BF4B-00C04F79EFBC}") = "Render.Core.Transforms", "Render.Core.Transforms\Render.Core.Transforms.csproj", "{0870D836-EA10-4E12-841D-082C63C92D72}"
EndProject
Project("{FAE04EC0-301F-11D3-BF4B-00C04F79EFBC}") = "Render.Core.BadPuns", "Render.Core.BadPuns\Render.Core.BadPuns.csproj", "{4581D637-7715-45E1-84D6-56A6D0CE8485}"
EndProject
Project("{FAE04EC0-301F-11D3-BF4B-00C04F79EFBC}") = "Render.Core.UI", "Render.Core.UI\Render.Core.UI.csproj", "{AF35CA5D-80EA-4195-BBED-50FAB40C03BF}"
EndProject
Project("{FAE04EC0-301F-11D3-BF4B-00C04F79EFBC}") = "Render.Core.Shapes", "Render.Core.Shapes\Render.Core.Shapes.csproj", "{1E15F450-1125-4687-9820-896D19E50568}"
EndProject
Global
	GlobalSection(SolutionConfigurationPlatforms) = preSolution
		Debug|Any CPU = Debug|Any CPU
		Release|Any CPU = Release|Any CPU
	EndGlobalSection
	GlobalSection(ProjectConfigurationPlatforms) = postSolution
		{4639FE98-6995-478F-9248-3E78C5302400}.Debug|Any CPU.ActiveCfg = Debug|Any CPU
		{4639FE98-6995-478F-9248-3E78C5302400}.Debug|Any CPU.Build.0 = Debug|Any CPU
		{4639FE98-6995-478F-9248-3E78C5302400}.Release|Any CPU.ActiveCfg = Release|Any CPU
		{4639FE98-6995-478F-9248-3E78C5302400}.Release|Any CPU.Build.0 = Release|Any CPU
		{D163920B-6983-4D4E-A92F-ECA18AA528E7}.Debug|Any CPU.ActiveCfg = Debug|Any CPU
		{D163920B-6983-4D4E-A92F-ECA18AA528E7}.Debug|Any CPU.Build.0 = Debug|Any CPU
		{D163920B-6983-4D4E-A92F-ECA18AA528E7}.Release|Any CPU.ActiveCfg = Release|Any CPU
		{D163920B-6983-4D4E-A92F-ECA18AA528E7}.Release|Any CPU.Build.0 = Release|Any CPU
		{75F47AC0-50AB-4F44-A1D3-711B6026A483}.Debug|Any CPU.ActiveCfg = Debug|Any CPU
		{75F47AC0-50AB-4F44-A1D3-711B6026A483}.Debug|Any CPU.Build.0 = Debug|Any CPU
		{75F47AC0-50AB-4F44-A1D3-711B6026A483}.Release|Any CPU.ActiveCfg = Release|Any CPU
		{75F47AC0-50AB-4F44-A1D3-711B6026A483}.Release|Any CPU.Build.0 = Release|Any CPU
		{82B2FF67-31D6-4947-8936-5F07C261ABEB}.Debug|Any CPU.ActiveCfg = Debug|Any CPU
		{82B2FF67-31D6-4947-8936-5F07C261ABEB}.Debug|Any CPU.Build.0 = Debug|Any CPU
		{82B2FF67-31D6-4947-8936-5F07C261ABEB}.Release|Any CPU.ActiveCfg = Release|Any CPU
		{82B2FF67-31D6-4947-8936-5F07C261ABEB}.Release|Any CPU.Build.0 = Release|Any CPU
		{00063478-C1FA-4F28-970E-DF286154B877}.Debug|Any CPU.ActiveCfg = Debug|Any CPU
		{00063478-C1FA-4F28-970E-DF286154B877}.Debug|Any CPU.Build.0 = Debug|Any CPU
		{00063478-C1FA-4F28-970E-DF286154B877}.Release|Any CPU.ActiveCfg = Release|Any CPU
		{00063478-C1FA-4F28-970E-DF286154B877}.Release|Any CPU.Build.0 = Release|Any CPU
		{73348D96-A5BD-4F15-81F0-45EA6C550CB6}.Debug|Any CPU.ActiveCfg = Debug|Any CPU
		{73348D96-A5BD-4F15-81F0-45EA6C550CB6}.Debug|Any CPU.Build.0 = Debug|Any CPU
		{73348D96-A5BD-4F15-81F0-45EA6C550CB6}.Release|Any CPU.ActiveCfg = Release|Any CPU
		{73348D96-A5BD-4F15-81F0-45EA6C550CB6}.Release|Any CPU.Build.0 = Release|Any CPU
		{867BB112-F90A-437A-8007-6BDD791B6A5E}.Debug|Any CPU.ActiveCfg = Debug|Any CPU
		{867BB112-F90A-437A-8007-6BDD791B6A5E}.Debug|Any CPU.Build.0 = Debug|Any CPU
		{867BB112-F90A-437A-8007-6BDD791B6A5E}.Release|Any CPU.ActiveCfg = Release|Any CPU
		{867BB112-F90A-437A-8007-6BDD791B6A5E}.Release|Any CPU.Build.0 = Release|Any CPU
		{0945255E-212D-47A8-B713-400D5132B7DB}.Debug|Any CPU.ActiveCfg = Debug|Any CPU
		{0945255E-212D-47A8-B713-400D5132B7DB}.Debug|Any CPU.Build.0 = Debug|Any CPU
		{0945255E-212D-47A8-B713-400D5132B7DB}.Release|Any CPU.ActiveCfg = Release|Any CPU
		{0945255E-212D-47A8-B713-400D5132B7DB}.Release|Any CPU.Build.0 = Release|Any CPU
		{CBC80274-9DB3-40F9-8951-44D2F8298287}.Debug|Any CPU.ActiveCfg = Debug|Any CPU
		{CBC80274-9DB3-40F9-8951-44D2F8298287}.Debug|Any CPU.Build.0 = Debug|Any CPU
		{CBC80274-9DB3-40F9-8951-44D2F8298287}.Release|Any CPU.ActiveCfg = Release|Any CPU
		{CBC80274-9DB3-40F9-8951-44D2F8298287}.Release|Any CPU.Build.0 = Release|Any CPU
		{0870D836-EA10-4E12-841D-082C63C92D72}.Debug|Any CPU.ActiveCfg = Debug|Any CPU
		{0870D836-EA10-4E12-841D-082C63C92D72}.Debug|Any CPU.Build.0 = Debug|Any CPU
		{0870D836-EA10-4E12-841D-082C63C92D72}.Release|Any CPU.ActiveCfg = Release|Any CPU
		{0870D836-EA10-4E12-841D-082C63C92D72}.Release|Any CPU.Build.0 = Release|Any CPU
		{4581D637-7715-45E1-84D6-56A6D0CE8485}.Debug|Any CPU.ActiveCfg = Debug|Any CPU
		{4581D637-7715-45E1-84D6-56A6D0CE8485}.Debug|Any CPU.Build.0 = Debug|Any CPU
		{4581D637-7715-45E1-84D6-56A6D0CE8485}.Release|Any CPU.ActiveCfg = Release|Any CPU
		{4581D637-7715-45E1-84D6-56A6D0CE8485}.Release|Any CPU.Build.0 = Release|Any CPU
		{AF35CA5D-80EA-4195-BBED-50FAB40C03BF}.Debug|Any CPU.ActiveCfg = Debug|Any CPU
		{AF35CA5D-80EA-4195-BBED-50FAB40C03BF}.Debug|Any CPU.Build.0 = Debug|Any CPU
		{AF35CA5D-80EA-4195-BBED-50FAB40C03BF}.Release|Any CPU.ActiveCfg = Release|Any CPU
		{AF35CA5D-80EA-4195-BBED-50FAB40C03BF}.Release|Any CPU.Build.0 = Release|Any CPU
		{1E15F450-1125-4687-9820-896D19E50568}.Debug|Any CPU.ActiveCfg = Debug|Any CPU
		{1E15F450-1125-4687-9820-896D19E50568}.Debug|Any CPU.Build.0 = Debug|Any CPU
		{1E15F450-1125-4687-9820-896D19E50568}.Release|Any CPU.ActiveCfg = Release|Any CPU
		{1E15F450-1125-4687-9820-896D19E50568}.Release|Any CPU.Build.0 = Release|Any CPU
	EndGlobalSection
	GlobalSection(SolutionProperties) = preSolution
		HideSolutionNode = FALSE
	EndGlobalSection
	GlobalSection(NestedProjects) = preSolution
		{D163920B-6983-4D4E-A92F-ECA18AA528E7} = {2DC0D2D7-AF86-4F8F-9B14-5BF9C1C48978}
		{75F47AC0-50AB-4F44-A1D3-711B6026A483} = {2DC0D2D7-AF86-4F8F-9B14-5BF9C1C48978}
		{82B2FF67-31D6-4947-8936-5F07C261ABEB} = {2DC0D2D7-AF86-4F8F-9B14-5BF9C1C48978}
		{00063478-C1FA-4F28-970E-DF286154B877} = {2DC0D2D7-AF86-4F8F-9B14-5BF9C1C48978}
		{73348D96-A5BD-4F15-81F0-45EA6C550CB6} = {2DC0D2D7-AF86-4F8F-9B14-5BF9C1C48978}
		{867BB112-F90A-437A-8007-6BDD791B6A5E} = {BA7D3185-501F-4F0E-8FDC-55AFCF44E78E}
		{CBC80274-9DB3-40F9-8951-44D2F8298287} = {2DC0D2D7-AF86-4F8F-9B14-5BF9C1C48978}
		{0870D836-EA10-4E12-841D-082C63C92D72} = {2DC0D2D7-AF86-4F8F-9B14-5BF9C1C48978}
		{4581D637-7715-45E1-84D6-56A6D0CE8485} = {2DC0D2D7-AF86-4F8F-9B14-5BF9C1C48978}
		{AF35CA5D-80EA-4195-BBED-50FAB40C03BF} = {2DC0D2D7-AF86-4F8F-9B14-5BF9C1C48978}
		{1E15F450-1125-4687-9820-896D19E50568} = {2DC0D2D7-AF86-4F8F-9B14-5BF9C1C48978}
	EndGlobalSection
	GlobalSection(ExtensibilityGlobals) = postSolution
		SolutionGuid = {D726E5CB-7A09-416D-B4F5-F58814FDB5EB}
	EndGlobalSection
EndGlobal
